
Microsoft Visual Studio Solution File, Format Version 12.00
# Visual Studio Version 16
VisualStudioVersion = 16.0.32901.82
MinimumVisualStudioVersion = 10.0.40219.1
Project("{F184B08F-C81C-45F6-A57F-5ABD9991F28F}") = "POS_Melodias", "POS_Melodias\POS_Melodias.vbproj", "{537F7903-1F0E-4A5F-AACE-DC0837B0F7FA}"
EndProject
Global
	GlobalSection(SolutionConfigurationPlatforms) = preSolution
		Debug|Any CPU = Debug|Any CPU
		Release|Any CPU = Release|Any CPU
	EndGlobalSection
	GlobalSection(ProjectConfigurationPlatforms) = postSolution
		{537F7903-1F0E-4A5F-AACE-DC0837B0F7FA}.Debug|Any CPU.ActiveCfg = Debug|Any CPU
		{537F7903-1F0E-4A5F-AACE-DC0837B0F7FA}.Debug|Any CPU.Build.0 = Debug|Any CPU
		{537F7903-1F0E-4A5F-AACE-DC0837B0F7FA}.Release|Any CPU.ActiveCfg = Release|Any CPU
		{537F7903-1F0E-4A5F-AACE-DC0837B0F7FA}.Release|Any CPU.Build.0 = Release|Any CPU
	EndGlobalSection
	GlobalSection(SolutionProperties) = preSolution
		HideSolutionNode = FALSE
	EndGlobalSection
	GlobalSection(ExtensibilityGlobals) = postSolution
		SolutionGuid = {6AECF743-77CC-426B-A06F-65167EB85728}
	EndGlobalSection
EndGlobal
